// !$*UTF8*$!
{
	archiveVersion = 1;
	classes = {
	};
	objectVersion = 56;
	objects = {

/* Begin PBXBuildFile section */
		FA57E6C229C6236100480530 /* WeatherMapView.swift in Sources */ = {isa = PBXBuildFile; fileRef = FA57E6C129C6236100480530 /* WeatherMapView.swift */; };
		FA788E1A29C7B1A30093F44F /* StormReports.swift in Sources */ = {isa = PBXBuildFile; fileRef = FA788E1929C7B1A30093F44F /* StormReports.swift */; };
		FA788E1E29C7B7520093F44F /* MKCoordinateRegionExtensions.swift in Sources */ = {isa = PBXBuildFile; fileRef = FA788E1D29C7B7520093F44F /* MKCoordinateRegionExtensions.swift */; };
		FA788E2029C7D8350093F44F /* StormReports.Report.swift in Sources */ = {isa = PBXBuildFile; fileRef = FA788E1F29C7D8350093F44F /* StormReports.Report.swift */; };
		FA788E2229C7FB540093F44F /* StormReports.AnnotationView.swift in Sources */ = {isa = PBXBuildFile; fileRef = FA788E2129C7FB540093F44F /* StormReports.AnnotationView.swift */; };
		FA788E2D29C8DA8D0093F44F /* UIColorExtensions.swift in Sources */ = {isa = PBXBuildFile; fileRef = FA788E2C29C8DA8D0093F44F /* UIColorExtensions.swift */; };
		FA788E8829C9010B0093F44F /* DTMHeatmap.framework in Frameworks */ = {isa = PBXBuildFile; fileRef = FA788E8729C9007D0093F44F /* DTMHeatmap.framework */; };
		FA788E8929C9010B0093F44F /* DTMHeatmap.framework in Embed Frameworks */ = {isa = PBXBuildFile; fileRef = FA788E8729C9007D0093F44F /* DTMHeatmap.framework */; settings = {ATTRIBUTES = (CodeSignOnCopy, RemoveHeadersOnCopy, ); }; };
		FA788E8C29C90A040093F44F /* MKMapPointExtensions.swift in Sources */ = {isa = PBXBuildFile; fileRef = FA788E8B29C90A040093F44F /* MKMapPointExtensions.swift */; };
		FA788E8F29C918900093F44F /* StringInterpolationExtensions.swift in Sources */ = {isa = PBXBuildFile; fileRef = FA788E8E29C918900093F44F /* StringInterpolationExtensions.swift */; };
		FA900E1329C933A80084CFBE /* MKOverlayExtensions.swift in Sources */ = {isa = PBXBuildFile; fileRef = FA900E1229C933A80084CFBE /* MKOverlayExtensions.swift */; };
		FA900E1929C937200084CFBE /* Collections in Frameworks */ = {isa = PBXBuildFile; productRef = FA900E1829C937200084CFBE /* Collections */; };
		FA900E1B29C93D330084CFBE /* MKAnnotationExtensions.swift in Sources */ = {isa = PBXBuildFile; fileRef = FA900E1A29C93D330084CFBE /* MKAnnotationExtensions.swift */; };
		FAD3B81629C5D3120075A72B /* AppDelegate.swift in Sources */ = {isa = PBXBuildFile; fileRef = FAD3B81529C5D3120075A72B /* AppDelegate.swift */; };
		FAD3B81829C5D3120075A72B /* SceneDelegate.swift in Sources */ = {isa = PBXBuildFile; fileRef = FAD3B81729C5D3120075A72B /* SceneDelegate.swift */; };
		FAD3B81A29C5D3120075A72B /* MapViewController.swift in Sources */ = {isa = PBXBuildFile; fileRef = FAD3B81929C5D3120075A72B /* MapViewController.swift */; };
		FAD3B81D29C5D3120075A72B /* Main.storyboard in Resources */ = {isa = PBXBuildFile; fileRef = FAD3B81B29C5D3120075A72B /* Main.storyboard */; };
		FAD3B81F29C5D3160075A72B /* Assets.xcassets in Resources */ = {isa = PBXBuildFile; fileRef = FAD3B81E29C5D3160075A72B /* Assets.xcassets */; };
		FAD3B82229C5D3160075A72B /* LaunchScreen.storyboard in Resources */ = {isa = PBXBuildFile; fileRef = FAD3B82029C5D3160075A72B /* LaunchScreen.storyboard */; };
/* End PBXBuildFile section */

/* Begin PBXContainerItemProxy section */
		FA788E8629C9007D0093F44F /* PBXContainerItemProxy */ = {
			isa = PBXContainerItemProxy;
			containerPortal = FA788E8229C9007D0093F44F /* DTMHeatmap.xcodeproj */;
			proxyType = 2;
			remoteGlobalIDString = 2E82320E1FE5C12700332ACF;
			remoteInfo = DTMHeatmap;
		};
/* End PBXContainerItemProxy section */

/* Begin PBXCopyFilesBuildPhase section */
		FA788E7E29C8FDB60093F44F /* Embed Frameworks */ = {
			isa = PBXCopyFilesBuildPhase;
			buildActionMask = 2147483647;
			dstPath = "";
			dstSubfolderSpec = 10;
			files = (
				FA788E8929C9010B0093F44F /* DTMHeatmap.framework in Embed Frameworks */,
			);
			name = "Embed Frameworks";
			runOnlyForDeploymentPostprocessing = 0;
		};
/* End PBXCopyFilesBuildPhase section */

/* Begin PBXFileReference section */
		FA57E6C129C6236100480530 /* WeatherMapView.swift */ = {isa = PBXFileReference; lastKnownFileType = sourcecode.swift; path = WeatherMapView.swift; sourceTree = "<group>"; };
		FA5BDC1529C5DA5D000FC0AF /* App.entitlements */ = {isa = PBXFileReference; lastKnownFileType = text.plist.entitlements; path = App.entitlements; sourceTree = "<group>"; };
		FA788E1929C7B1A30093F44F /* StormReports.swift */ = {isa = PBXFileReference; lastKnownFileType = sourcecode.swift; path = StormReports.swift; sourceTree = "<group>"; };
		FA788E1D29C7B7520093F44F /* MKCoordinateRegionExtensions.swift */ = {isa = PBXFileReference; lastKnownFileType = sourcecode.swift; path = MKCoordinateRegionExtensions.swift; sourceTree = "<group>"; };
		FA788E1F29C7D8350093F44F /* StormReports.Report.swift */ = {isa = PBXFileReference; lastKnownFileType = sourcecode.swift; path = StormReports.Report.swift; sourceTree = "<group>"; };
		FA788E2129C7FB540093F44F /* StormReports.AnnotationView.swift */ = {isa = PBXFileReference; lastKnownFileType = sourcecode.swift; path = StormReports.AnnotationView.swift; sourceTree = "<group>"; };
		FA788E2C29C8DA8D0093F44F /* UIColorExtensions.swift */ = {isa = PBXFileReference; lastKnownFileType = sourcecode.swift; path = UIColorExtensions.swift; sourceTree = "<group>"; };
		FA788E8229C9007D0093F44F /* DTMHeatmap.xcodeproj */ = {isa = PBXFileReference; lastKnownFileType = "wrapper.pb-project"; name = DTMHeatmap.xcodeproj; path = DTMHeatmap/DTMHeatmap.xcodeproj; sourceTree = "<group>"; };
		FA788E8B29C90A040093F44F /* MKMapPointExtensions.swift */ = {isa = PBXFileReference; lastKnownFileType = sourcecode.swift; path = MKMapPointExtensions.swift; sourceTree = "<group>"; };
		FA788E8E29C918900093F44F /* StringInterpolationExtensions.swift */ = {isa = PBXFileReference; lastKnownFileType = sourcecode.swift; path = StringInterpolationExtensions.swift; sourceTree = "<group>"; };
		FA900E1229C933A80084CFBE /* MKOverlayExtensions.swift */ = {isa = PBXFileReference; lastKnownFileType = sourcecode.swift; path = MKOverlayExtensions.swift; sourceTree = "<group>"; };
		FA900E1A29C93D330084CFBE /* MKAnnotationExtensions.swift */ = {isa = PBXFileReference; lastKnownFileType = sourcecode.swift; path = MKAnnotationExtensions.swift; sourceTree = "<group>"; };
		FAD3B81229C5D3120075A72B /* AerisWeatherCodingChallenge.app */ = {isa = PBXFileReference; explicitFileType = wrapper.application; includeInIndex = 0; path = AerisWeatherCodingChallenge.app; sourceTree = BUILT_PRODUCTS_DIR; };
		FAD3B81529C5D3120075A72B /* AppDelegate.swift */ = {isa = PBXFileReference; lastKnownFileType = sourcecode.swift; path = AppDelegate.swift; sourceTree = "<group>"; };
		FAD3B81729C5D3120075A72B /* SceneDelegate.swift */ = {isa = PBXFileReference; lastKnownFileType = sourcecode.swift; path = SceneDelegate.swift; sourceTree = "<group>"; };
		FAD3B81929C5D3120075A72B /* MapViewController.swift */ = {isa = PBXFileReference; lastKnownFileType = sourcecode.swift; path = MapViewController.swift; sourceTree = "<group>"; };
		FAD3B81C29C5D3120075A72B /* Base */ = {isa = PBXFileReference; lastKnownFileType = file.storyboard; name = Base; path = Base.lproj/Main.storyboard; sourceTree = "<group>"; };
		FAD3B81E29C5D3160075A72B /* Assets.xcassets */ = {isa = PBXFileReference; lastKnownFileType = folder.assetcatalog; path = Assets.xcassets; sourceTree = "<group>"; };
		FAD3B82129C5D3160075A72B /* Base */ = {isa = PBXFileReference; lastKnownFileType = file.storyboard; name = Base; path = Base.lproj/LaunchScreen.storyboard; sourceTree = "<group>"; };
		FAD3B82329C5D3160075A72B /* Info.plist */ = {isa = PBXFileReference; lastKnownFileType = text.plist.xml; path = Info.plist; sourceTree = "<group>"; };
/* End PBXFileReference section */

/* Begin PBXFrameworksBuildPhase section */
		FAD3B80F29C5D3120075A72B /* Frameworks */ = {
			isa = PBXFrameworksBuildPhase;
			buildActionMask = 2147483647;
			files = (
				FA900E1929C937200084CFBE /* Collections in Frameworks */,
				FA788E8829C9010B0093F44F /* DTMHeatmap.framework in Frameworks */,
			);
			runOnlyForDeploymentPostprocessing = 0;
		};
/* End PBXFrameworksBuildPhase section */

/* Begin PBXGroup section */
		FA788E1C29C7B73A0093F44F /* Extensions */ = {
			isa = PBXGroup;
			children = (
				FA788E1D29C7B7520093F44F /* MKCoordinateRegionExtensions.swift */,
				FA788E2C29C8DA8D0093F44F /* UIColorExtensions.swift */,
				FA788E8B29C90A040093F44F /* MKMapPointExtensions.swift */,
				FA788E8E29C918900093F44F /* StringInterpolationExtensions.swift */,
				FA900E1229C933A80084CFBE /* MKOverlayExtensions.swift */,
				FA900E1A29C93D330084CFBE /* MKAnnotationExtensions.swift */,
			);
			path = Extensions;
			sourceTree = "<group>";
		};
		FA788E2E29C8FD180093F44F /* Libraries */ = {
			isa = PBXGroup;
			children = (
				FA788E8229C9007D0093F44F /* DTMHeatmap.xcodeproj */,
			);
			path = Libraries;
			sourceTree = "<group>";
		};
		FA788E7B29C8FDB60093F44F /* Frameworks */ = {
			isa = PBXGroup;
			children = (
			);
			name = Frameworks;
			sourceTree = "<group>";
		};
		FA788E8329C9007D0093F44F /* Products */ = {
			isa = PBXGroup;
			children = (
				FA788E8729C9007D0093F44F /* DTMHeatmap.framework */,
			);
			name = Products;
			sourceTree = "<group>";
		};
		FAD3B80929C5D3110075A72B = {
			isa = PBXGroup;
			children = (
				FAD3B82929C5D8500075A72B /* Sources */,
				FA788E2E29C8FD180093F44F /* Libraries */,
				FAD3B81329C5D3120075A72B /* Products */,
				FA788E7B29C8FDB60093F44F /* Frameworks */,
			);
			sourceTree = "<group>";
		};
		FAD3B81329C5D3120075A72B /* Products */ = {
			isa = PBXGroup;
			children = (
				FAD3B81229C5D3120075A72B /* AerisWeatherCodingChallenge.app */,
			);
			name = Products;
			sourceTree = "<group>";
		};
		FAD3B81429C5D3120075A72B /* App */ = {
			isa = PBXGroup;
			children = (
				FA788E1C29C7B73A0093F44F /* Extensions */,
				FA5BDC1529C5DA5D000FC0AF /* App.entitlements */,
				FAD3B81529C5D3120075A72B /* AppDelegate.swift */,
				FAD3B81729C5D3120075A72B /* SceneDelegate.swift */,
				FAD3B81929C5D3120075A72B /* MapViewController.swift */,
				FAD3B81B29C5D3120075A72B /* Main.storyboard */,
				FAD3B81E29C5D3160075A72B /* Assets.xcassets */,
				FAD3B82029C5D3160075A72B /* LaunchScreen.storyboard */,
				FAD3B82329C5D3160075A72B /* Info.plist */,
				FA57E6C129C6236100480530 /* WeatherMapView.swift */,
				FA788E1929C7B1A30093F44F /* StormReports.swift */,
				FA788E1F29C7D8350093F44F /* StormReports.Report.swift */,
				FA788E2129C7FB540093F44F /* StormReports.AnnotationView.swift */,
			);
			path = App;
			sourceTree = "<group>";
		};
		FAD3B82929C5D8500075A72B /* Sources */ = {
			isa = PBXGroup;
			children = (
				FAD3B81429C5D3120075A72B /* App */,
			);
			path = Sources;
			sourceTree = "<group>";
		};
/* End PBXGroup section */

/* Begin PBXNativeTarget section */
		FAD3B81129C5D3120075A72B /* App */ = {
			isa = PBXNativeTarget;
			buildConfigurationList = FAD3B82629C5D3160075A72B /* Build configuration list for PBXNativeTarget "App" */;
			buildPhases = (
				FAD3B80E29C5D3120075A72B /* Sources */,
				FAD3B80F29C5D3120075A72B /* Frameworks */,
				FAD3B81029C5D3120075A72B /* Resources */,
				FA788E7E29C8FDB60093F44F /* Embed Frameworks */,
			);
			buildRules = (
			);
			dependencies = (
			);
			name = App;
			packageProductDependencies = (
				FA900E1829C937200084CFBE /* Collections */,
			);
			productName = AerisWeatherCodingChallenge;
			productReference = FAD3B81229C5D3120075A72B /* AerisWeatherCodingChallenge.app */;
			productType = "com.apple.product-type.application";
		};
/* End PBXNativeTarget section */

/* Begin PBXProject section */
		FAD3B80A29C5D3110075A72B /* Project object */ = {
			isa = PBXProject;
			attributes = {
				BuildIndependentTargetsInParallel = 1;
				LastSwiftUpdateCheck = 1420;
				LastUpgradeCheck = 1420;
				TargetAttributes = {
					FAD3B81129C5D3120075A72B = {
						CreatedOnToolsVersion = 14.2;
					};
				};
			};
			buildConfigurationList = FAD3B80D29C5D3110075A72B /* Build configuration list for PBXProject "AerisWeatherCodingChallenge" */;
			compatibilityVersion = "Xcode 14.0";
			developmentRegion = en;
			hasScannedForEncodings = 0;
			knownRegions = (
				en,
				Base,
			);
			mainGroup = FAD3B80929C5D3110075A72B;
			packageReferences = (
				FA900E1529C936D20084CFBE /* XCRemoteSwiftPackageReference "swift-collections" */,
			);
			productRefGroup = FAD3B81329C5D3120075A72B /* Products */;
			projectDirPath = "";
			projectReferences = (
				{
					ProductGroup = FA788E8329C9007D0093F44F /* Products */;
					ProjectRef = FA788E8229C9007D0093F44F /* DTMHeatmap.xcodeproj */;
				},
			);
			projectRoot = "";
			targets = (
				FAD3B81129C5D3120075A72B /* App */,
			);
		};
/* End PBXProject section */

/* Begin PBXReferenceProxy section */
		FA788E8729C9007D0093F44F /* DTMHeatmap.framework */ = {
			isa = PBXReferenceProxy;
			fileType = wrapper.framework;
			path = DTMHeatmap.framework;
			remoteRef = FA788E8629C9007D0093F44F /* PBXContainerItemProxy */;
			sourceTree = BUILT_PRODUCTS_DIR;
		};
/* End PBXReferenceProxy section */

/* Begin PBXResourcesBuildPhase section */
		FAD3B81029C5D3120075A72B /* Resources */ = {
			isa = PBXResourcesBuildPhase;
			buildActionMask = 2147483647;
			files = (
				FAD3B82229C5D3160075A72B /* LaunchScreen.storyboard in Resources */,
				FAD3B81F29C5D3160075A72B /* Assets.xcassets in Resources */,
				FAD3B81D29C5D3120075A72B /* Main.storyboard in Resources */,
			);
			runOnlyForDeploymentPostprocessing = 0;
		};
/* End PBXResourcesBuildPhase section */

/* Begin PBXSourcesBuildPhase section */
		FAD3B80E29C5D3120075A72B /* Sources */ = {
			isa = PBXSourcesBuildPhase;
			buildActionMask = 2147483647;
			files = (
				FA788E2D29C8DA8D0093F44F /* UIColorExtensions.swift in Sources */,
				FA788E1A29C7B1A30093F44F /* StormReports.swift in Sources */,
				FA57E6C229C6236100480530 /* WeatherMapView.swift in Sources */,
				FA788E8F29C918900093F44F /* StringInterpolationExtensions.swift in Sources */,
				FA788E8C29C90A040093F44F /* MKMapPointExtensions.swift in Sources */,
				FAD3B81A29C5D3120075A72B /* MapViewController.swift in Sources */,
				FA788E1E29C7B7520093F44F /* MKCoordinateRegionExtensions.swift in Sources */,
				FA788E2229C7FB540093F44F /* StormReports.AnnotationView.swift in Sources */,
				FA900E1329C933A80084CFBE /* MKOverlayExtensions.swift in Sources */,
				FAD3B81629C5D3120075A72B /* AppDelegate.swift in Sources */,
				FAD3B81829C5D3120075A72B /* SceneDelegate.swift in Sources */,
				FA900E1B29C93D330084CFBE /* MKAnnotationExtensions.swift in Sources */,
				FA788E2029C7D8350093F44F /* StormReports.Report.swift in Sources */,
			);
			runOnlyForDeploymentPostprocessing = 0;
		};
/* End PBXSourcesBuildPhase section */

/* Begin PBXVariantGroup section */
		FAD3B81B29C5D3120075A72B /* Main.storyboard */ = {
			isa = PBXVariantGroup;
			children = (
				FAD3B81C29C5D3120075A72B /* Base */,
			);
			name = Main.storyboard;
			sourceTree = "<group>";
		};
		FAD3B82029C5D3160075A72B /* LaunchScreen.storyboard */ = {
			isa = PBXVariantGroup;
			children = (
				FAD3B82129C5D3160075A72B /* Base */,
			);
			name = LaunchScreen.storyboard;
			sourceTree = "<group>";
		};
/* End PBXVariantGroup section */

/* Begin XCBuildConfiguration section */
		FAD3B82429C5D3160075A72B /* Debug */ = {
			isa = XCBuildConfiguration;
			buildSettings = {
				ALWAYS_SEARCH_USER_PATHS = NO;
				CLANG_ANALYZER_NONNULL = YES;
				CLANG_ANALYZER_NUMBER_OBJECT_CONVERSION = YES_AGGRESSIVE;
				CLANG_CXX_LANGUAGE_STANDARD = "gnu++20";
				CLANG_ENABLE_MODULES = YES;
				CLANG_ENABLE_OBJC_ARC = YES;
				CLANG_ENABLE_OBJC_WEAK = YES;
				CLANG_WARN_BLOCK_CAPTURE_AUTORELEASING = YES;
				CLANG_WARN_BOOL_CONVERSION = YES;
				CLANG_WARN_COMMA = YES;
				CLANG_WARN_CONSTANT_CONVERSION = YES;
				CLANG_WARN_DEPRECATED_OBJC_IMPLEMENTATIONS = YES;
				CLANG_WARN_DIRECT_OBJC_ISA_USAGE = YES_ERROR;
				CLANG_WARN_DOCUMENTATION_COMMENTS = YES;
				CLANG_WARN_EMPTY_BODY = YES;
				CLANG_WARN_ENUM_CONVERSION = YES;
				CLANG_WARN_INFINITE_RECURSION = YES;
				CLANG_WARN_INT_CONVERSION = YES;
				CLANG_WARN_NON_LITERAL_NULL_CONVERSION = YES;
				CLANG_WARN_OBJC_IMPLICIT_RETAIN_SELF = YES;
				CLANG_WARN_OBJC_LITERAL_CONVERSION = YES;
				CLANG_WARN_OBJC_ROOT_CLASS = YES_ERROR;
				CLANG_WARN_QUOTED_INCLUDE_IN_FRAMEWORK_HEADER = YES;
				CLANG_WARN_RANGE_LOOP_ANALYSIS = YES;
				CLANG_WARN_STRICT_PROTOTYPES = YES;
				CLANG_WARN_SUSPICIOUS_MOVE = YES;
				CLANG_WARN_UNGUARDED_AVAILABILITY = YES_AGGRESSIVE;
				CLANG_WARN_UNREACHABLE_CODE = YES;
				CLANG_WARN__DUPLICATE_METHOD_MATCH = YES;
				COPY_PHASE_STRIP = NO;
				DEBUG_INFORMATION_FORMAT = dwarf;
				ENABLE_STRICT_OBJC_MSGSEND = YES;
				ENABLE_TESTABILITY = YES;
				GCC_C_LANGUAGE_STANDARD = gnu11;
				GCC_DYNAMIC_NO_PIC = NO;
				GCC_NO_COMMON_BLOCKS = YES;
				GCC_OPTIMIZATION_LEVEL = 0;
				GCC_PREPROCESSOR_DEFINITIONS = (
					"DEBUG=1",
					"$(inherited)",
				);
				GCC_WARN_64_TO_32_BIT_CONVERSION = YES;
				GCC_WARN_ABOUT_RETURN_TYPE = YES_ERROR;
				GCC_WARN_UNDECLARED_SELECTOR = YES;
				GCC_WARN_UNINITIALIZED_AUTOS = YES_AGGRESSIVE;
				GCC_WARN_UNUSED_FUNCTION = YES;
				GCC_WARN_UNUSED_VARIABLE = YES;
				IPHONEOS_DEPLOYMENT_TARGET = 16.2;
				MTL_ENABLE_DEBUG_INFO = INCLUDE_SOURCE;
				MTL_FAST_MATH = YES;
				ONLY_ACTIVE_ARCH = YES;
				SDKROOT = iphoneos;
				SWIFT_ACTIVE_COMPILATION_CONDITIONS = DEBUG;
				SWIFT_OPTIMIZATION_LEVEL = "-Onone";
			};
			name = Debug;
		};
		FAD3B82529C5D3160075A72B /* Release */ = {
			isa = XCBuildConfiguration;
			buildSettings = {
				ALWAYS_SEARCH_USER_PATHS = NO;
				CLANG_ANALYZER_NONNULL = YES;
				CLANG_ANALYZER_NUMBER_OBJECT_CONVERSION = YES_AGGRESSIVE;
				CLANG_CXX_LANGUAGE_STANDARD = "gnu++20";
				CLANG_ENABLE_MODULES = YES;
				CLANG_ENABLE_OBJC_ARC = YES;
				CLANG_ENABLE_OBJC_WEAK = YES;
				CLANG_WARN_BLOCK_CAPTURE_AUTORELEASING = YES;
				CLANG_WARN_BOOL_CONVERSION = YES;
				CLANG_WARN_COMMA = YES;
				CLANG_WARN_CONSTANT_CONVERSION = YES;
				CLANG_WARN_DEPRECATED_OBJC_IMPLEMENTATIONS = YES;
				CLANG_WARN_DIRECT_OBJC_ISA_USAGE = YES_ERROR;
				CLANG_WARN_DOCUMENTATION_COMMENTS = YES;
				CLANG_WARN_EMPTY_BODY = YES;
				CLANG_WARN_ENUM_CONVERSION = YES;
				CLANG_WARN_INFINITE_RECURSION = YES;
				CLANG_WARN_INT_CONVERSION = YES;
				CLANG_WARN_NON_LITERAL_NULL_CONVERSION = YES;
				CLANG_WARN_OBJC_IMPLICIT_RETAIN_SELF = YES;
				CLANG_WARN_OBJC_LITERAL_CONVERSION = YES;
				CLANG_WARN_OBJC_ROOT_CLASS = YES_ERROR;
				CLANG_WARN_QUOTED_INCLUDE_IN_FRAMEWORK_HEADER = YES;
				CLANG_WARN_RANGE_LOOP_ANALYSIS = YES;
				CLANG_WARN_STRICT_PROTOTYPES = YES;
				CLANG_WARN_SUSPICIOUS_MOVE = YES;
				CLANG_WARN_UNGUARDED_AVAILABILITY = YES_AGGRESSIVE;
				CLANG_WARN_UNREACHABLE_CODE = YES;
				CLANG_WARN__DUPLICATE_METHOD_MATCH = YES;
				COPY_PHASE_STRIP = NO;
				DEBUG_INFORMATION_FORMAT = "dwarf-with-dsym";
				ENABLE_NS_ASSERTIONS = NO;
				ENABLE_STRICT_OBJC_MSGSEND = YES;
				GCC_C_LANGUAGE_STANDARD = gnu11;
				GCC_NO_COMMON_BLOCKS = YES;
				GCC_WARN_64_TO_32_BIT_CONVERSION = YES;
				GCC_WARN_ABOUT_RETURN_TYPE = YES_ERROR;
				GCC_WARN_UNDECLARED_SELECTOR = YES;
				GCC_WARN_UNINITIALIZED_AUTOS = YES_AGGRESSIVE;
				GCC_WARN_UNUSED_FUNCTION = YES;
				GCC_WARN_UNUSED_VARIABLE = YES;
				IPHONEOS_DEPLOYMENT_TARGET = 16.2;
				MTL_ENABLE_DEBUG_INFO = NO;
				MTL_FAST_MATH = YES;
				SDKROOT = iphoneos;
				SWIFT_COMPILATION_MODE = wholemodule;
				SWIFT_OPTIMIZATION_LEVEL = "-O";
				VALIDATE_PRODUCT = YES;
			};
			name = Release;
		};
		FAD3B82729C5D3160075A72B /* Debug */ = {
			isa = XCBuildConfiguration;
			buildSettings = {
				ASSETCATALOG_COMPILER_APPICON_NAME = AppIcon;
				ASSETCATALOG_COMPILER_GLOBAL_ACCENT_COLOR_NAME = AccentColor;
				CODE_SIGN_ENTITLEMENTS = Sources/App/App.entitlements;
				CODE_SIGN_STYLE = Automatic;
				CURRENT_PROJECT_VERSION = 1;
				DEVELOPMENT_TEAM = UQQE2H6P34;
				GENERATE_INFOPLIST_FILE = YES;
				INFOPLIST_FILE = Sources/App/Info.plist;
				INFOPLIST_KEY_UIApplicationSupportsIndirectInputEvents = YES;
				INFOPLIST_KEY_UILaunchStoryboardName = LaunchScreen;
				INFOPLIST_KEY_UIMainStoryboardFile = Main;
				INFOPLIST_KEY_UISupportedInterfaceOrientations_iPad = "UIInterfaceOrientationPortrait UIInterfaceOrientationPortraitUpsideDown UIInterfaceOrientationLandscapeLeft UIInterfaceOrientationLandscapeRight";
				INFOPLIST_KEY_UISupportedInterfaceOrientations_iPhone = "UIInterfaceOrientationPortrait UIInterfaceOrientationLandscapeLeft UIInterfaceOrientationLandscapeRight";
				LD_RUNPATH_SEARCH_PATHS = (
					"$(inherited)",
					"@executable_path/Frameworks",
				);
				MARKETING_VERSION = 1.0;
				PRODUCT_BUNDLE_IDENTIFIER = com.slippyd.AerisWeatherCodingChallenge;
				PRODUCT_NAME = AerisWeatherCodingChallenge;
				SUPPORTED_PLATFORMS = "iphoneos iphonesimulator";
				SUPPORTS_MACCATALYST = YES;
				SUPPORTS_MAC_DESIGNED_FOR_IPHONE_IPAD = NO;
				SWIFT_EMIT_LOC_STRINGS = YES;
				SWIFT_VERSION = 5.0;
				TARGETED_DEVICE_FAMILY = "1,2";
			};
			name = Debug;
		};
		FAD3B82829C5D3160075A72B /* Release */ = {
			isa = XCBuildConfiguration;
			buildSettings = {
				ASSETCATALOG_COMPILER_APPICON_NAME = AppIcon;
				ASSETCATALOG_COMPILER_GLOBAL_ACCENT_COLOR_NAME = AccentColor;
				CODE_SIGN_ENTITLEMENTS = Sources/App/App.entitlements;
				CODE_SIGN_STYLE = Automatic;
				CURRENT_PROJECT_VERSION = 1;
				DEVELOPMENT_TEAM = UQQE2H6P34;
				GENERATE_INFOPLIST_FILE = YES;
				INFOPLIST_FILE = Sources/App/Info.plist;
				INFOPLIST_KEY_UIApplicationSupportsIndirectInputEvents = YES;
				INFOPLIST_KEY_UILaunchStoryboardName = LaunchScreen;
				INFOPLIST_KEY_UIMainStoryboardFile = Main;
				INFOPLIST_KEY_UISupportedInterfaceOrientations_iPad = "UIInterfaceOrientationPortrait UIInterfaceOrientationPortraitUpsideDown UIInterfaceOrientationLandscapeLeft UIInterfaceOrientationLandscapeRight";
				INFOPLIST_KEY_UISupportedInterfaceOrientations_iPhone = "UIInterfaceOrientationPortrait UIInterfaceOrientationLandscapeLeft UIInterfaceOrientationLandscapeRight";
				LD_RUNPATH_SEARCH_PATHS = (
					"$(inherited)",
					"@executable_path/Frameworks",
				);
				MARKETING_VERSION = 1.0;
				PRODUCT_BUNDLE_IDENTIFIER = com.slippyd.AerisWeatherCodingChallenge;
				PRODUCT_NAME = AerisWeatherCodingChallenge;
				SUPPORTED_PLATFORMS = "iphoneos iphonesimulator";
				SUPPORTS_MACCATALYST = YES;
				SUPPORTS_MAC_DESIGNED_FOR_IPHONE_IPAD = NO;
				SWIFT_EMIT_LOC_STRINGS = YES;
				SWIFT_VERSION = 5.0;
				TARGETED_DEVICE_FAMILY = "1,2";
			};
			name = Release;
		};
/* End XCBuildConfiguration section */

/* Begin XCConfigurationList section */
		FAD3B80D29C5D3110075A72B /* Build configuration list for PBXProject "AerisWeatherCodingChallenge" */ = {
			isa = XCConfigurationList;
			buildConfigurations = (
				FAD3B82429C5D3160075A72B /* Debug */,
				FAD3B82529C5D3160075A72B /* Release */,
			);
			defaultConfigurationIsVisible = 0;
			defaultConfigurationName = Release;
		};
		FAD3B82629C5D3160075A72B /* Build configuration list for PBXNativeTarget "App" */ = {
			isa = XCConfigurationList;
			buildConfigurations = (
				FAD3B82729C5D3160075A72B /* Debug */,
				FAD3B82829C5D3160075A72B /* Release */,
			);
			defaultConfigurationIsVisible = 0;
			defaultConfigurationName = Release;
		};
/* End XCConfigurationList section */

/* Begin XCRemoteSwiftPackageReference section */
		FA900E1529C936D20084CFBE /* XCRemoteSwiftPackageReference "swift-collections" */ = {
			isa = XCRemoteSwiftPackageReference;
			repositoryURL = "https://github.com/apple/swift-collections";
			requirement = {
				kind = upToNextMajorVersion;
				minimumVersion = 1.0.0;
			};
		};
/* End XCRemoteSwiftPackageReference section */

/* Begin XCSwiftPackageProductDependency section */
		FA900E1829C937200084CFBE /* Collections */ = {
			isa = XCSwiftPackageProductDependency;
			package = FA900E1529C936D20084CFBE /* XCRemoteSwiftPackageReference "swift-collections" */;
			productName = Collections;
		};
/* End XCSwiftPackageProductDependency section */
	};
	rootObject = FAD3B80A29C5D3110075A72B /* Project object */;
}
